
Microsoft Visual Studio Solution File, Format Version 12.00
# Visual Studio 15
VisualStudioVersion = 15.0.28307.1000
MinimumVisualStudioVersion = 10.0.40219.1
Project("{FAE04EC0-301F-11D3-BF4B-00C04F79EFBC}") = "LoanAndRepayAPI", "LoanAndRepayAPI\LoanAndRepayAPI.csproj", "{1795C8D6-2845-496F-8D0A-83F4FAF35965}"
EndProject
Project("{FAE04EC0-301F-11D3-BF4B-00C04F79EFBC}") = "UnitTestLoanAndRepay", "UnitTestLoanAndRepay\UnitTestLoanAndRepay.csproj", "{C2DA95DD-3EAC-4AE8-AF0E-52A554551B48}"
EndProject
Global
	GlobalSection(SolutionConfigurationPlatforms) = preSolution
		Debug|Any CPU = Debug|Any CPU
		Release|Any CPU = Release|Any CPU
	EndGlobalSection
	GlobalSection(ProjectConfigurationPlatforms) = postSolution
		{1795C8D6-2845-496F-8D0A-83F4FAF35965}.Debug|Any CPU.ActiveCfg = Debug|Any CPU
		{1795C8D6-2845-496F-8D0A-83F4FAF35965}.Debug|Any CPU.Build.0 = Debug|Any CPU
		{1795C8D6-2845-496F-8D0A-83F4FAF35965}.Release|Any CPU.ActiveCfg = Release|Any CPU
		{1795C8D6-2845-496F-8D0A-83F4FAF35965}.Release|Any CPU.Build.0 = Release|Any CPU
		{C2DA95DD-3EAC-4AE8-AF0E-52A554551B48}.Debug|Any CPU.ActiveCfg = Debug|Any CPU
		{C2DA95DD-3EAC-4AE8-AF0E-52A554551B48}.Debug|Any CPU.Build.0 = Debug|Any CPU
		{C2DA95DD-3EAC-4AE8-AF0E-52A554551B48}.Release|Any CPU.ActiveCfg = Release|Any CPU
		{C2DA95DD-3EAC-4AE8-AF0E-52A554551B48}.Release|Any CPU.Build.0 = Release|Any CPU
	EndGlobalSection
	GlobalSection(SolutionProperties) = preSolution
		HideSolutionNode = FALSE
	EndGlobalSection
	GlobalSection(ExtensibilityGlobals) = postSolution
		SolutionGuid = {7D7AF442-DDAC-4BE5-844E-8AA87693B19C}
	EndGlobalSection
EndGlobal
